// !$*UTF8*$!
{
	archiveVersion = 1;
	classes = {
	};
	objectVersion = 46;
	objects = {

/* Begin PBXBuildFile section */
		BFA33D4B1DBF026B00B46B82 /* GoogleMobileAds.framework in Frameworks */ = {isa = PBXBuildFile; fileRef = BFA33D4A1DBF026B00B46B82 /* GoogleMobileAds.framework */; };
		BFA33D4D1DBF030D00B46B82 /* GoogleService-Info.plist in Resources */ = {isa = PBXBuildFile; fileRef = BFA33D4C1DBF030D00B46B82 /* GoogleService-Info.plist */; };
		BFA33D511DBF371700B46B82 /* CoinPickup.wav in Resources */ = {isa = PBXBuildFile; fileRef = BFA33D501DBF371700B46B82 /* CoinPickup.wav */; };
		BFA33D541DBFCE7C00B46B82 /* ClownCarChime.mp3 in Resources */ = {isa = PBXBuildFile; fileRef = BFA33D531DBFCE7C00B46B82 /* ClownCarChime.mp3 */; };
		BFA33D561DBFD08500B46B82 /* ClownCarChime.wav in Resources */ = {isa = PBXBuildFile; fileRef = BFA33D551DBFD08500B46B82 /* ClownCarChime.wav */; };
		BFA33D581DBFEC2E00B46B82 /* CarHit.wav in Resources */ = {isa = PBXBuildFile; fileRef = BFA33D571DBFEC2E00B46B82 /* CarHit.wav */; };
		BFA33D5A1DBFFFD600B46B82 /* CarHiit.wav in Resources */ = {isa = PBXBuildFile; fileRef = BFA33D591DBFFFD600B46B82 /* CarHiit.wav */; };
		BFA33D5C1DC0019100B46B82 /* CarHiiit.wav in Resources */ = {isa = PBXBuildFile; fileRef = BFA33D5B1DC0019100B46B82 /* CarHiiit.wav */; };
		BFD52FBC1DBC84630009CB56 /* AppDelegate.swift in Sources */ = {isa = PBXBuildFile; fileRef = BFD52FBB1DBC84630009CB56 /* AppDelegate.swift */; };
		BFD52FBE1DBC84630009CB56 /* GameScene.sks in Resources */ = {isa = PBXBuildFile; fileRef = BFD52FBD1DBC84630009CB56 /* GameScene.sks */; };
		BFD52FC01DBC84640009CB56 /* Actions.sks in Resources */ = {isa = PBXBuildFile; fileRef = BFD52FBF1DBC84640009CB56 /* Actions.sks */; };
		BFD52FC21DBC84640009CB56 /* GameScene.swift in Sources */ = {isa = PBXBuildFile; fileRef = BFD52FC11DBC84640009CB56 /* GameScene.swift */; };
		BFD52FC41DBC84640009CB56 /* GameViewController.swift in Sources */ = {isa = PBXBuildFile; fileRef = BFD52FC31DBC84640009CB56 /* GameViewController.swift */; };
		BFD52FC71DBC84640009CB56 /* Main.storyboard in Resources */ = {isa = PBXBuildFile; fileRef = BFD52FC51DBC84640009CB56 /* Main.storyboard */; };
		BFD52FC91DBC84640009CB56 /* Assets.xcassets in Resources */ = {isa = PBXBuildFile; fileRef = BFD52FC81DBC84640009CB56 /* Assets.xcassets */; };
		BFD52FCC1DBC84640009CB56 /* LaunchScreen.storyboard in Resources */ = {isa = PBXBuildFile; fileRef = BFD52FCA1DBC84640009CB56 /* LaunchScreen.storyboard */; };
		BFD52FD51DBC8CD20009CB56 /* AVFoundation.framework in Frameworks */ = {isa = PBXBuildFile; fileRef = BFD52FD41DBC8CD20009CB56 /* AVFoundation.framework */; };
/* End PBXBuildFile section */

/* Begin PBXFileReference section */
		BFA33D4A1DBF026B00B46B82 /* GoogleMobileAds.framework */ = {isa = PBXFileReference; lastKnownFileType = wrapper.framework; path = GoogleMobileAds.framework; sourceTree = "<group>"; };
		BFA33D4C1DBF030D00B46B82 /* GoogleService-Info.plist */ = {isa = PBXFileReference; fileEncoding = 4; lastKnownFileType = text.plist.xml; path = "GoogleService-Info.plist"; sourceTree = "<group>"; };
		BFA33D501DBF371700B46B82 /* CoinPickup.wav */ = {isa = PBXFileReference; lastKnownFileType = audio.wav; path = CoinPickup.wav; sourceTree = "<group>"; };
		BFA33D531DBFCE7C00B46B82 /* ClownCarChime.mp3 */ = {isa = PBXFileReference; lastKnownFileType = audio.mp3; path = ClownCarChime.mp3; sourceTree = "<group>"; };
		BFA33D551DBFD08500B46B82 /* ClownCarChime.wav */ = {isa = PBXFileReference; lastKnownFileType = audio.wav; path = ClownCarChime.wav; sourceTree = "<group>"; };
		BFA33D571DBFEC2E00B46B82 /* CarHit.wav */ = {isa = PBXFileReference; lastKnownFileType = audio.wav; path = CarHit.wav; sourceTree = "<group>"; };
		BFA33D591DBFFFD600B46B82 /* CarHiit.wav */ = {isa = PBXFileReference; lastKnownFileType = audio.wav; path = CarHiit.wav; sourceTree = "<group>"; };
		BFA33D5B1DC0019100B46B82 /* CarHiiit.wav */ = {isa = PBXFileReference; lastKnownFileType = audio.wav; path = CarHiiit.wav; sourceTree = "<group>"; };
		BFD52FB81DBC84630009CB56 /* ClownCar.app */ = {isa = PBXFileReference; explicitFileType = wrapper.application; includeInIndex = 0; path = ClownCar.app; sourceTree = BUILT_PRODUCTS_DIR; };
		BFD52FBB1DBC84630009CB56 /* AppDelegate.swift */ = {isa = PBXFileReference; lastKnownFileType = sourcecode.swift; path = AppDelegate.swift; sourceTree = "<group>"; };
		BFD52FBD1DBC84630009CB56 /* GameScene.sks */ = {isa = PBXFileReference; lastKnownFileType = file.sks; path = GameScene.sks; sourceTree = "<group>"; };
		BFD52FBF1DBC84640009CB56 /* Actions.sks */ = {isa = PBXFileReference; lastKnownFileType = file.sks; path = Actions.sks; sourceTree = "<group>"; };
		BFD52FC11DBC84640009CB56 /* GameScene.swift */ = {isa = PBXFileReference; lastKnownFileType = sourcecode.swift; path = GameScene.swift; sourceTree = "<group>"; };
		BFD52FC31DBC84640009CB56 /* GameViewController.swift */ = {isa = PBXFileReference; lastKnownFileType = sourcecode.swift; path = GameViewController.swift; sourceTree = "<group>"; };
		BFD52FC61DBC84640009CB56 /* Base */ = {isa = PBXFileReference; lastKnownFileType = file.storyboard; name = Base; path = Base.lproj/Main.storyboard; sourceTree = "<group>"; };
		BFD52FC81DBC84640009CB56 /* Assets.xcassets */ = {isa = PBXFileReference; lastKnownFileType = folder.assetcatalog; path = Assets.xcassets; sourceTree = "<group>"; };
		BFD52FCB1DBC84640009CB56 /* Base */ = {isa = PBXFileReference; lastKnownFileType = file.storyboard; name = Base; path = Base.lproj/LaunchScreen.storyboard; sourceTree = "<group>"; };
		BFD52FCD1DBC84640009CB56 /* Info.plist */ = {isa = PBXFileReference; lastKnownFileType = text.plist.xml; path = Info.plist; sourceTree = "<group>"; };
		BFD52FD41DBC8CD20009CB56 /* AVFoundation.framework */ = {isa = PBXFileReference; lastKnownFileType = wrapper.framework; name = AVFoundation.framework; path = System/Library/Frameworks/AVFoundation.framework; sourceTree = SDKROOT; };
/* End PBXFileReference section */

/* Begin PBXFrameworksBuildPhase section */
		BFD52FB51DBC84630009CB56 /* Frameworks */ = {
			isa = PBXFrameworksBuildPhase;
			buildActionMask = 2147483647;
			files = (
				BFA33D4B1DBF026B00B46B82 /* GoogleMobileAds.framework in Frameworks */,
				BFD52FD51DBC8CD20009CB56 /* AVFoundation.framework in Frameworks */,
			);
			runOnlyForDeploymentPostprocessing = 0;
		};
/* End PBXFrameworksBuildPhase section */

/* Begin PBXGroup section */
		BFA33D4E1DBF36C500B46B82 /* Supporting Files */ = {
			isa = PBXGroup;
			children = (
				BFA33D4F1DBF36F600B46B82 /* Audio */,
			);
			name = "Supporting Files";
			sourceTree = "<group>";
		};
		BFA33D4F1DBF36F600B46B82 /* Audio */ = {
			isa = PBXGroup;
			children = (
				BFA33D5B1DC0019100B46B82 /* CarHiiit.wav */,
				BFA33D591DBFFFD600B46B82 /* CarHiit.wav */,
				BFA33D571DBFEC2E00B46B82 /* CarHit.wav */,
				BFA33D551DBFD08500B46B82 /* ClownCarChime.wav */,
				BFA33D531DBFCE7C00B46B82 /* ClownCarChime.mp3 */,
				BFA33D501DBF371700B46B82 /* CoinPickup.wav */,
			);
			name = Audio;
			sourceTree = "<group>";
		};
		BFD52FAF1DBC84620009CB56 = {
			isa = PBXGroup;
			children = (
				BFD52FBA1DBC84630009CB56 /* ClownCar */,
				BFD52FB91DBC84630009CB56 /* Products */,
				BFD52FD31DBC8CD20009CB56 /* Frameworks */,
			);
			sourceTree = "<group>";
		};
		BFD52FB91DBC84630009CB56 /* Products */ = {
			isa = PBXGroup;
			children = (
				BFD52FB81DBC84630009CB56 /* ClownCar.app */,
			);
			name = Products;
			sourceTree = "<group>";
		};
		BFD52FBA1DBC84630009CB56 /* ClownCar */ = {
			isa = PBXGroup;
			children = (
				BFA33D4C1DBF030D00B46B82 /* GoogleService-Info.plist */,
				BFA33D4A1DBF026B00B46B82 /* GoogleMobileAds.framework */,
				BFD52FBB1DBC84630009CB56 /* AppDelegate.swift */,
				BFD52FBD1DBC84630009CB56 /* GameScene.sks */,
				BFD52FBF1DBC84640009CB56 /* Actions.sks */,
				BFD52FC11DBC84640009CB56 /* GameScene.swift */,
				BFD52FC31DBC84640009CB56 /* GameViewController.swift */,
				BFD52FCA1DBC84640009CB56 /* LaunchScreen.storyboard */,
				BFD52FC51DBC84640009CB56 /* Main.storyboard */,
				BFA33D4E1DBF36C500B46B82 /* Supporting Files */,
				BFD52FC81DBC84640009CB56 /* Assets.xcassets */,
				BFD52FCD1DBC84640009CB56 /* Info.plist */,
			);
			path = ClownCar;
			sourceTree = "<group>";
		};
		BFD52FD31DBC8CD20009CB56 /* Frameworks */ = {
			isa = PBXGroup;
			children = (
				BFD52FD41DBC8CD20009CB56 /* AVFoundation.framework */,
			);
			name = Frameworks;
			sourceTree = "<group>";
		};
/* End PBXGroup section */

/* Begin PBXNativeTarget section */
		BFD52FB71DBC84630009CB56 /* ClownCar */ = {
			isa = PBXNativeTarget;
			buildConfigurationList = BFD52FD01DBC84640009CB56 /* Build configuration list for PBXNativeTarget "ClownCar" */;
			buildPhases = (
				BFD52FB41DBC84630009CB56 /* Sources */,
				BFD52FB51DBC84630009CB56 /* Frameworks */,
				BFD52FB61DBC84630009CB56 /* Resources */,
			);
			buildRules = (
			);
			dependencies = (
			);
			name = ClownCar;
			productName = ClownCar;
			productReference = BFD52FB81DBC84630009CB56 /* ClownCar.app */;
			productType = "com.apple.product-type.application";
		};
/* End PBXNativeTarget section */

/* Begin PBXProject section */
		BFD52FB01DBC84630009CB56 /* Project object */ = {
			isa = PBXProject;
			attributes = {
				LastSwiftUpdateCheck = 0800;
				LastUpgradeCheck = 0800;
				ORGANIZATIONNAME = LiveLombs;
				TargetAttributes = {
					BFD52FB71DBC84630009CB56 = {
						CreatedOnToolsVersion = 8.0;
						DevelopmentTeam = PFEPFYUD7S;
						ProvisioningStyle = Automatic;
					};
				};
			};
			buildConfigurationList = BFD52FB31DBC84630009CB56 /* Build configuration list for PBXProject "ClownCar" */;
			compatibilityVersion = "Xcode 3.2";
			developmentRegion = English;
			hasScannedForEncodings = 0;
			knownRegions = (
				en,
				Base,
			);
			mainGroup = BFD52FAF1DBC84620009CB56;
			productRefGroup = BFD52FB91DBC84630009CB56 /* Products */;
			projectDirPath = "";
			projectRoot = "";
			targets = (
				BFD52FB71DBC84630009CB56 /* ClownCar */,
			);
		};
/* End PBXProject section */

/* Begin PBXResourcesBuildPhase section */
		BFD52FB61DBC84630009CB56 /* Resources */ = {
			isa = PBXResourcesBuildPhase;
			buildActionMask = 2147483647;
			files = (
				BFA33D511DBF371700B46B82 /* CoinPickup.wav in Resources */,
				BFA33D561DBFD08500B46B82 /* ClownCarChime.wav in Resources */,
				BFD52FC71DBC84640009CB56 /* Main.storyboard in Resources */,
				BFD52FBE1DBC84630009CB56 /* GameScene.sks in Resources */,
				BFD52FC91DBC84640009CB56 /* Assets.xcassets in Resources */,
				BFA33D5C1DC0019100B46B82 /* CarHiiit.wav in Resources */,
				BFD52FCC1DBC84640009CB56 /* LaunchScreen.storyboard in Resources */,
				BFA33D5A1DBFFFD600B46B82 /* CarHiit.wav in Resources */,
				BFD52FC01DBC84640009CB56 /* Actions.sks in Resources */,
				BFA33D581DBFEC2E00B46B82 /* CarHit.wav in Resources */,
				BFA33D541DBFCE7C00B46B82 /* ClownCarChime.mp3 in Resources */,
				BFA33D4D1DBF030D00B46B82 /* GoogleService-Info.plist in Resources */,
			);
			runOnlyForDeploymentPostprocessing = 0;
		};
/* End PBXResourcesBuildPhase section */

/* Begin PBXSourcesBuildPhase section */
		BFD52FB41DBC84630009CB56 /* Sources */ = {
			isa = PBXSourcesBuildPhase;
			buildActionMask = 2147483647;
			files = (
				BFD52FC21DBC84640009CB56 /* GameScene.swift in Sources */,
				BFD52FC41DBC84640009CB56 /* GameViewController.swift in Sources */,
				BFD52FBC1DBC84630009CB56 /* AppDelegate.swift in Sources */,
			);
			runOnlyForDeploymentPostprocessing = 0;
		};
/* End PBXSourcesBuildPhase section */

/* Begin PBXVariantGroup section */
		BFD52FC51DBC84640009CB56 /* Main.storyboard */ = {
			isa = PBXVariantGroup;
			children = (
				BFD52FC61DBC84640009CB56 /* Base */,
			);
			name = Main.storyboard;
			sourceTree = "<group>";
		};
		BFD52FCA1DBC84640009CB56 /* LaunchScreen.storyboard */ = {
			isa = PBXVariantGroup;
			children = (
				BFD52FCB1DBC84640009CB56 /* Base */,
			);
			name = LaunchScreen.storyboard;
			sourceTree = "<group>";
		};
/* End PBXVariantGroup section */

/* Begin XCBuildConfiguration section */
		BFD52FCE1DBC84640009CB56 /* Debug */ = {
			isa = XCBuildConfiguration;
			buildSettings = {
				ALWAYS_SEARCH_USER_PATHS = NO;
				CLANG_ANALYZER_NONNULL = YES;
				CLANG_CXX_LANGUAGE_STANDARD = "gnu++0x";
				CLANG_CXX_LIBRARY = "libc++";
				CLANG_ENABLE_MODULES = YES;
				CLANG_ENABLE_OBJC_ARC = YES;
				CLANG_WARN_BOOL_CONVERSION = YES;
				CLANG_WARN_CONSTANT_CONVERSION = YES;
				CLANG_WARN_DIRECT_OBJC_ISA_USAGE = YES_ERROR;
				CLANG_WARN_DOCUMENTATION_COMMENTS = YES;
				CLANG_WARN_EMPTY_BODY = YES;
				CLANG_WARN_ENUM_CONVERSION = YES;
				CLANG_WARN_INFINITE_RECURSION = YES;
				CLANG_WARN_INT_CONVERSION = YES;
				CLANG_WARN_OBJC_ROOT_CLASS = YES_ERROR;
				CLANG_WARN_SUSPICIOUS_MOVES = YES;
				CLANG_WARN_UNREACHABLE_CODE = YES;
				CLANG_WARN__DUPLICATE_METHOD_MATCH = YES;
				"CODE_SIGN_IDENTITY[sdk=iphoneos*]" = "iPhone Developer";
				COPY_PHASE_STRIP = NO;
				DEBUG_INFORMATION_FORMAT = dwarf;
				ENABLE_STRICT_OBJC_MSGSEND = YES;
				ENABLE_TESTABILITY = YES;
				GCC_C_LANGUAGE_STANDARD = gnu99;
				GCC_DYNAMIC_NO_PIC = NO;
				GCC_NO_COMMON_BLOCKS = YES;
				GCC_OPTIMIZATION_LEVEL = 0;
				GCC_PREPROCESSOR_DEFINITIONS = (
					"DEBUG=1",
					"$(inherited)",
				);
				GCC_WARN_64_TO_32_BIT_CONVERSION = YES;
				GCC_WARN_ABOUT_RETURN_TYPE = YES_ERROR;
				GCC_WARN_UNDECLARED_SELECTOR = YES;
				GCC_WARN_UNINITIALIZED_AUTOS = YES_AGGRESSIVE;
				GCC_WARN_UNUSED_FUNCTION = YES;
				GCC_WARN_UNUSED_VARIABLE = YES;
				IPHONEOS_DEPLOYMENT_TARGET = 10.0;
				MTL_ENABLE_DEBUG_INFO = YES;
				ONLY_ACTIVE_ARCH = YES;
				SDKROOT = iphoneos;
				SWIFT_ACTIVE_COMPILATION_CONDITIONS = DEBUG;
				SWIFT_OPTIMIZATION_LEVEL = "-Onone";
			};
			name = Debug;
		};
		BFD52FCF1DBC84640009CB56 /* Release */ = {
			isa = XCBuildConfiguration;
			buildSettings = {
				ALWAYS_SEARCH_USER_PATHS = NO;
				CLANG_ANALYZER_NONNULL = YES;
				CLANG_CXX_LANGUAGE_STANDARD = "gnu++0x";
				CLANG_CXX_LIBRARY = "libc++";
				CLANG_ENABLE_MODULES = YES;
				CLANG_ENABLE_OBJC_ARC = YES;
				CLANG_WARN_BOOL_CONVERSION = YES;
				CLANG_WARN_CONSTANT_CONVERSION = YES;
				CLANG_WARN_DIRECT_OBJC_ISA_USAGE = YES_ERROR;
				CLANG_WARN_DOCUMENTATION_COMMENTS = YES;
				CLANG_WARN_EMPTY_BODY = YES;
				CLANG_WARN_ENUM_CONVERSION = YES;
				CLANG_WARN_INFINITE_RECURSION = YES;
				CLANG_WARN_INT_CONVERSION = YES;
				CLANG_WARN_OBJC_ROOT_CLASS = YES_ERROR;
				CLANG_WARN_SUSPICIOUS_MOVES = YES;
				CLANG_WARN_UNREACHABLE_CODE = YES;
				CLANG_WARN__DUPLICATE_METHOD_MATCH = YES;
				"CODE_SIGN_IDENTITY[sdk=iphoneos*]" = "iPhone Developer";
				COPY_PHASE_STRIP = NO;
				DEBUG_INFORMATION_FORMAT = "dwarf-with-dsym";
				ENABLE_NS_ASSERTIONS = NO;
				ENABLE_STRICT_OBJC_MSGSEND = YES;
				GCC_C_LANGUAGE_STANDARD = gnu99;
				GCC_NO_COMMON_BLOCKS = YES;
				GCC_WARN_64_TO_32_BIT_CONVERSION = YES;
				GCC_WARN_ABOUT_RETURN_TYPE = YES_ERROR;
				GCC_WARN_UNDECLARED_SELECTOR = YES;
				GCC_WARN_UNINITIALIZED_AUTOS = YES_AGGRESSIVE;
				GCC_WARN_UNUSED_FUNCTION = YES;
				GCC_WARN_UNUSED_VARIABLE = YES;
				IPHONEOS_DEPLOYMENT_TARGET = 10.0;
				MTL_ENABLE_DEBUG_INFO = NO;
				SDKROOT = iphoneos;
				SWIFT_OPTIMIZATION_LEVEL = "-Owholemodule";
				VALIDATE_PRODUCT = YES;
			};
			name = Release;
		};
		BFD52FD11DBC84640009CB56 /* Debug */ = {
			isa = XCBuildConfiguration;
			buildSettings = {
				ASSETCATALOG_COMPILER_APPICON_NAME = AppIcon;
				DEVELOPMENT_TEAM = PFEPFYUD7S;
				ENABLE_BITCODE = NO;
				FRAMEWORK_SEARCH_PATHS = (
					"$(inherited)",
					"$(PROJECT_DIR)/ClownCar",
				);
				INFOPLIST_FILE = ClownCar/Info.plist;
				LD_RUNPATH_SEARCH_PATHS = "$(inherited) @executable_path/Frameworks";
				PRODUCT_BUNDLE_IDENTIFIER = LiveLombs.ClownCar;
				PRODUCT_NAME = "$(TARGET_NAME)";
				SWIFT_VERSION = 3.0;
			};
			name = Debug;
		};
		BFD52FD21DBC84640009CB56 /* Release */ = {
			isa = XCBuildConfiguration;
			buildSettings = {
				ASSETCATALOG_COMPILER_APPICON_NAME = AppIcon;
				DEVELOPMENT_TEAM = PFEPFYUD7S;
				ENABLE_BITCODE = NO;
				FRAMEWORK_SEARCH_PATHS = (
					"$(inherited)",
					"$(PROJECT_DIR)/ClownCar",
				);
				INFOPLIST_FILE = ClownCar/Info.plist;
				LD_RUNPATH_SEARCH_PATHS = "$(inherited) @executable_path/Frameworks";
				PRODUCT_BUNDLE_IDENTIFIER = LiveLombs.ClownCar;
				PRODUCT_NAME = "$(TARGET_NAME)";
				SWIFT_VERSION = 3.0;
			};
			name = Release;
		};
/* End XCBuildConfiguration section */

/* Begin XCConfigurationList section */
		BFD52FB31DBC84630009CB56 /* Build configuration list for PBXProject "ClownCar" */ = {
			isa = XCConfigurationList;
			buildConfigurations = (
				BFD52FCE1DBC84640009CB56 /* Debug */,
				BFD52FCF1DBC84640009CB56 /* Release */,
			);
			defaultConfigurationIsVisible = 0;
			defaultConfigurationName = Release;
		};
		BFD52FD01DBC84640009CB56 /* Build configuration list for PBXNativeTarget "ClownCar" */ = {
			isa = XCConfigurationList;
			buildConfigurations = (
				BFD52FD11DBC84640009CB56 /* Debug */,
				BFD52FD21DBC84640009CB56 /* Release */,
			);
			defaultConfigurationIsVisible = 0;
			defaultConfigurationName = Release;
		};
/* End XCConfigurationList section */
	};
	rootObject = BFD52FB01DBC84630009CB56 /* Project object */;
}
